# This file is autogenerated, do not edit; changes may be undone by the next 'dep ensure'.


[[projects]]
  branch = "master"
  digest = "1:0a9d6f3af86116314d302fa16a7ad8f5dc3c4d9d9cab90ada211cfdb7ac07b3d"
  name = "github.com/danverbraganza/varcaser"
  packages = ["varcaser"]
  pruneopts = "UT"
  revision = "ce61ec497fbffd4887976757109cb585f6bb29e1"

[[projects]]
  digest = "1:a2c1d0e43bd3baaa071d1b9ed72c27d78169b2b269f71c105ac4ba34b1be4a39"
  name = "github.com/davecgh/go-spew"
  packages = ["spew"]
  pruneopts = "UT"
  revision = "346938d642f2ec3594ed81d874461961cd0faa76"
  version = "v1.1.0"

[[projects]]
  branch = "master"
  digest = "1:faaf0c588b3fc072c08bbf689891b638cb05cd4a359ea948e0c58bde954cdb0d"
  name = "github.com/google/uuid"
  packages = ["."]
  pruneopts = "UT"
  revision = "dec09d789f3dba190787f8b4454c7d3c936fed9e"

[[projects]]
  digest = "1:870d441fe217b8e689d7949fef6e43efbc787e50f200cb1e70dbca9204a1d6be"
  name = "github.com/inconshreveable/mousetrap"
  packages = ["."]
  pruneopts = "UT"
  revision = "76626ae9c91c4f2a10f34cad8ce83ea42c93bb75"
  version = "v1.0"

[[projects]]
  digest = "1:b3caf7ad18444c71e7d336eedc98d3e03657bad68900202cee68983ee430d9f4"
  name = "github.com/julienschmidt/httprouter"
  packages = ["."]
  pruneopts = "UT"
  revision = "975b5c4c7c21c0e3d2764200bf2aa8e34657ae6e"

[[projects]]
  digest = "1:53c42c23d6bc750c2ccf19b2fd693891e79ebc3a93441e07fdfca22eca75f3a7"
  name = "github.com/nmiyake/pkg"
  packages = [
    "dirs",
    "errorstringer",
  ]
  pruneopts = "UT"
  revision = "df873ad19d6f60ce7ddeea343e397c2a60642ae4"

[[projects]]
  digest = "1:60a68afd12bc90ba58be6047380366908b7a2cb159147a64aef1f082a611fc5e"
  name = "github.com/palantir/checks"
  packages = ["ptimports/ptimports"]
  pruneopts = "UT"
  revision = "10da8023aca66638ce70ae91d94e565b802f759d"

[[projects]]
  branch = "develop"
  digest = "1:26db6ed434e741ef412029d1a004753a30b4a6a809d4b3e255fdf65cf00e1e8b"
  name = "github.com/palantir/conjure-go-runtime"
  packages = [
    "conjure-go-client/httpclient",
    "conjure-go-client/httpclient/internal",
    "conjure-go-contract/codecs",
    "conjure-go-contract/errors",
    "conjure-go-contract/uuid",
  ]
  pruneopts = "UT"
  revision = "9612edbe05ee90901fe8e5ad8d7e681e218ee356"

[[projects]]
  digest = "1:5fcee607c99a2c5239568e48882fb89fb42df25f25695a5996c391fe148b5183"
  name = "github.com/palantir/goastwriter"
  packages = [
    ".",
    "astgen",
    "comment",
    "decl",
    "expression",
    "spec",
    "statement",
  ]
  pruneopts = "UT"
  revision = "d0c1729e59e0422189808cf068ecc6be76e0389c"

[[projects]]
  digest = "1:dfa55d131743d5fa93f6fe26d06efdf1ea4b2ce3af79215c5e108955ea98f562"
  name = "github.com/palantir/godel"
  packages = ["pkg/products/v2/products"]
  pruneopts = "UT"
  revision = "179029568f2a6cb5a07d6fbbff5d210d8348ed65"
  version = "v2.1.0"

[[projects]]
  digest = "1:552130313f6489b8d55039202b2dc3a4854836bb198b880c33b60b9a4ae80d1f"
  name = "github.com/palantir/pkg"
  packages = [
    "bytesbuffers",
    "cobracli",
    "httpserver",
    "matcher",
    "metrics",
    "pkgpath",
    "retry",
    "safejson",
    "tlsconfig",
  ]
  pruneopts = "UT"
  revision = "b99e4c174bb7f8375643e79008d03e193cdbec2e"
  version = "0.8.0"

[[projects]]
  branch = "develop"
  digest = "1:89b7c2365c6b481a9e1c83a203c817d117376f48330811a977d84ec198281c8b"
  name = "github.com/palantir/witchcraft-go-error"
  packages = [
    ".",
    "internal/errors",
  ]
  pruneopts = "UT"
  revision = "adb1d93c5741a300abbcce7883ad61f825a4f1a7"

[[projects]]
  branch = "develop"
  digest = "1:146c56bf2c8ef84642d263bf22b9ae0e2539e20baf0b56fc9edd248c70974574"
  name = "github.com/palantir/witchcraft-go-logging"
  packages = [
    "wlog",
    "wlog/internal",
    "wlog/svclog/svc1log",
  ]
  pruneopts = "UT"
  revision = "bf9f1d471b6af5a03638a7d46a7ce81c8f9022a8"

[[projects]]
  branch = "develop"
  digest = "1:412711cba1f6195c9c8cc32ca04da9dfed10c07f2a21b1f5229e07c3f0a9fef0"
  name = "github.com/palantir/witchcraft-go-params"
  packages = ["."]
  pruneopts = "UT"
  revision = "d5c8ded2ab5588d1a81f306247162cb54d2504d7"

[[projects]]
  branch = "develop"
  digest = "1:9d585f9e6fbca68963786841a1c29d5935bee387f0d51b551c04ee6bf6c75065"
  name = "github.com/palantir/witchcraft-go-server"
  packages = ["rest"]
  pruneopts = "UT"
  revision = "4ac84cae9894172c65e423ae054cdaa55b3c82c9"

[[projects]]
  branch = "develop"
  digest = "1:9acb46be488d065a3010de706ec4f8a8231083052b7d7642945a9671a428afee"
  name = "github.com/palantir/witchcraft-go-tracing"
  packages = [
    "wtracing",
    "wtracing/propagation/b3",
  ]
  pruneopts = "UT"
  revision = "cdc181c163e22a6bee05a6277f8462bf786c0d4c"

[[projects]]
  digest = "1:40e195917a951a8bf867cd05de2a46aaf1806c50cf92eebf4c16f78cd196f747"
  name = "github.com/pkg/errors"
  packages = ["."]
  pruneopts = "UT"
  revision = "645ef00459ed84a119197bfb8d8205042c6df63d"
  version = "v0.8.0"

[[projects]]
  digest = "1:0028cb19b2e4c3112225cd871870f2d9cf49b9b4276531f03438a88e94be86fe"
  name = "github.com/pmezard/go-difflib"
  packages = ["difflib"]
  pruneopts = "UT"
  revision = "792786c7400a136282c1664665ae0a8db921c6c2"
  version = "v1.0.0"

[[projects]]
  branch = "master"
  digest = "1:c4556a44e350b50a490544d9b06e9fba9c286c21d6c0e47f54f3a9214597298c"
  name = "github.com/rcrowley/go-metrics"
  packages = ["."]
  pruneopts = "UT"
  revision = "e2704e165165ec55d062f5919b4b29494e9fa790"

[[projects]]
  digest = "1:645cabccbb4fa8aab25a956cbcbdf6a6845ca736b2c64e197ca7cbb9d210b939"
  name = "github.com/spf13/cobra"
  packages = ["."]
  pruneopts = "UT"
  revision = "ef82de70bb3f60c65fb8eebacbb2d122ef517385"
  version = "v0.0.3"

[[projects]]
  digest = "1:dab83a1bbc7ad3d7a6ba1a1cc1760f25ac38cdf7d96a5cdd55cd915a4f5ceaf9"
  name = "github.com/spf13/pflag"
  packages = ["."]
  pruneopts = "UT"
  revision = "9a97c102cda95a86cec2345a6f09f55a939babf5"
  version = "v1.0.2"

[[projects]]
  digest = "1:38bd78a1b1c018fd71f17abcfe4b5fde0c0240b96c5b107ede13073081997de5"
  name = "github.com/stretchr/testify"
  packages = [
    "assert",
    "require",
  ]
  pruneopts = "UT"
  revision = "4d4bfba8f1d1027c4fdbe371823030df51419987"

[[projects]]
  branch = "master"
  digest = "1:88a792a03a354a98ee468d774bc9a882e6d9d666b8f0069deb66d896ba83c163"
  name = "golang.org/x/net"
  packages = [
    "http/httpguts",
    "http2",
    "http2/hpack",
    "idna",
  ]
  pruneopts = "UT"
  revision = "4dfa2610cdf3b287375bbba5b8f2a14d3b01d8de"

[[projects]]
  digest = "1:a2ab62866c75542dd18d2b069fec854577a20211d7c0ea6ae746072a1dccdd18"
  name = "golang.org/x/text"
  packages = [
    "collate",
    "collate/build",
    "internal/colltab",
    "internal/gen",
    "internal/tag",
    "internal/triegen",
    "internal/ucd",
    "language",
    "secure/bidirule",
    "transform",
    "unicode/bidi",
    "unicode/cldr",
    "unicode/norm",
    "unicode/rangetable",
  ]
  pruneopts = "UT"
  revision = "f21a4dfb5e38f5895301dc265a8def02365cc3d0"
  version = "v0.3.0"

[[projects]]
  digest = "1:21682c1a3b03aeeabb6bfcb922174ba390456a5cbb5a5c1fc333487e4f0ee276"
  name = "golang.org/x/tools"
  packages = ["go/ast/astutil"]
  pruneopts = "UT"
  revision = "fcfba28e23c7bbd8474b355ca7d6a9d88afcca00"

[[projects]]
  digest = "1:a795b576298faaa0453e4e3ab67420c70e524f9e365ed8fd30fd504eca807aff"
  name = "gopkg.in/yaml.v2"
  packages = ["."]
  pruneopts = "UT"
  revision = "a3f3340b5840cee44f372bddb5880fcbc419b46a"

[solve-meta]
  analyzer-name = "dep"
  analyzer-version = 1
  input-imports = [
    "github.com/danverbraganza/varcaser/varcaser",
    "github.com/google/uuid",
    "github.com/julienschmidt/httprouter",
    "github.com/nmiyake/pkg/dirs",
    "github.com/palantir/checks/ptimports/ptimports",
    "github.com/palantir/conjure-go-runtime/conjure-go-client/httpclient",
    "github.com/palantir/conjure-go-runtime/conjure-go-contract/codecs",
    "github.com/palantir/conjure-go-runtime/conjure-go-contract/errors",
    "github.com/palantir/conjure-go-runtime/conjure-go-contract/uuid",
    "github.com/palantir/goastwriter",
    "github.com/palantir/goastwriter/astgen",
    "github.com/palantir/goastwriter/decl",
    "github.com/palantir/goastwriter/expression",
    "github.com/palantir/goastwriter/spec",
    "github.com/palantir/goastwriter/statement",
    "github.com/palantir/godel/pkg/products/v2/products",
    "github.com/palantir/pkg/cobracli",
    "github.com/palantir/pkg/httpserver",
    "github.com/palantir/pkg/pkgpath",
    "github.com/palantir/witchcraft-go-server/rest",
    "github.com/pkg/errors",
    "github.com/spf13/cobra",
    "github.com/stretchr/testify/assert",
    "github.com/stretchr/testify/require",
    "gopkg.in/yaml.v2",
  ]
  solver-name = "gps-cdcl"
  solver-version = 1
