# This file is autogenerated, do not edit; changes may be undone by the next 'dep ensure'.


[[projects]]
  branch = "master"
  digest = "1:0a9d6f3af86116314d302fa16a7ad8f5dc3c4d9d9cab90ada211cfdb7ac07b3d"
  name = "github.com/danverbraganza/varcaser"
  packages = ["varcaser"]
  pruneopts = "UT"
  revision = "ce61ec497fbffd4887976757109cb585f6bb29e1"

[[projects]]
  digest = "1:a2c1d0e43bd3baaa071d1b9ed72c27d78169b2b269f71c105ac4ba34b1be4a39"
  name = "github.com/davecgh/go-spew"
  packages = ["spew"]
  pruneopts = "UT"
  revision = "346938d642f2ec3594ed81d874461961cd0faa76"
  version = "v1.1.0"

[[projects]]
  branch = "master"
  digest = "1:988cfde37f089c50ba1ac8a1032c3f81d2ac0359e1872093b946a30139665eb6"
  name = "github.com/dsnet/compress"
  packages = [
    ".",
    "bzip2",
    "bzip2/internal/sais",
    "internal",
    "internal/errors",
    "internal/prefix",
  ]
  pruneopts = "UT"
  revision = "cc9eb1d7ad760af14e8f918698f745e80377af4f"

[[projects]]
  branch = "master"
  digest = "1:4a0c6bb4805508a6287675fac876be2ac1182539ca8a32468d8128882e9d5009"
  name = "github.com/golang/snappy"
  packages = ["."]
  pruneopts = "UT"
  revision = "2e65f85255dbc3072edf28d6b5b8efc472979f5a"

[[projects]]
  digest = "1:870d441fe217b8e689d7949fef6e43efbc787e50f200cb1e70dbca9204a1d6be"
  name = "github.com/inconshreveable/mousetrap"
  packages = ["."]
  pruneopts = "UT"
  revision = "76626ae9c91c4f2a10f34cad8ce83ea42c93bb75"
  version = "v1.0"

[[projects]]
  digest = "1:b3caf7ad18444c71e7d336eedc98d3e03657bad68900202cee68983ee430d9f4"
  name = "github.com/julienschmidt/httprouter"
  packages = ["."]
  pruneopts = "UT"
  revision = "975b5c4c7c21c0e3d2764200bf2aa8e34657ae6e"

[[projects]]
  digest = "1:d6f988e7296cebe16d9c405b73bee34da871b382f7438c811279614a725239ae"
  name = "github.com/mholt/archiver"
  packages = ["."]
  pruneopts = "UT"
  revision = "de0d89e255e17c8d75a40122055763e743ab0593"
  version = "v2.1.0"

[[projects]]
  digest = "1:53c42c23d6bc750c2ccf19b2fd693891e79ebc3a93441e07fdfca22eca75f3a7"
  name = "github.com/nmiyake/pkg"
  packages = [
    "dirs",
    "errorstringer",
  ]
  pruneopts = "UT"
  revision = "df873ad19d6f60ce7ddeea343e397c2a60642ae4"

[[projects]]
  digest = "1:b93a939355dc613ca1c23bf39f6d4c207da431a31dd8af001cc334ad24cab9d3"
  name = "github.com/nwaples/rardecode"
  packages = ["."]
  pruneopts = "UT"
  revision = "cc3e4b2381762c56dbcdf9f93be03349a1dc1c14"
  version = "v1.0.0"

[[projects]]
  digest = "1:fe3dbc20b592ad7cac16a2855ee7505edf07e4f9feb47e78e40a39f2270386b8"
  name = "github.com/openzipkin/zipkin-go"
  packages = [
    ".",
    "idgenerator",
    "model",
    "propagation",
    "reporter",
  ]
  pruneopts = "UT"
  revision = "3793c981d4f621c0e3eb1457acffa2c1cc591384"
  version = "v0.1.3"

[[projects]]
  digest = "1:60a68afd12bc90ba58be6047380366908b7a2cb159147a64aef1f082a611fc5e"
  name = "github.com/palantir/checks"
  packages = ["ptimports/ptimports"]
  pruneopts = "UT"
  revision = "10da8023aca66638ce70ae91d94e565b802f759d"

[[projects]]
  branch = "bm/rest"
  digest = "1:2e9c103417e0fc4fb4de3eeb42e999fae80969a91398530a4fc614f30571440b"
  name = "github.com/palantir/conjure-go-runtime"
  packages = [
    "conjure-go-client/httpclient",
    "conjure-go-client/httpclient/internal",
    "conjure-go-contract/codecs",
    "conjure-go-contract/errors",
  ]
  pruneopts = "UT"
  revision = "6305badcba0bf0c2c098fa756756f1a3f4d9407b"

[[projects]]
  branch = "master"
  digest = "1:5f63b17db593ff0c77eae269491688e3784c475cdef3d7f78e81b5496c482010"
  name = "github.com/palantir/go-encrypted-config-value"
  packages = [
    "encryptedconfigvalue",
    "encryption",
  ]
  pruneopts = "UT"
  revision = "a1d3024b37d8cdd6c19d748051f7228155f0a0d9"

[[projects]]
  digest = "1:63f6125d6645fd85a40e6636a5686eb9a7713c52ddee19d902b52ac99f95d33c"
  name = "github.com/palantir/go-metrics"
  packages = ["."]
  pruneopts = "UT"
  revision = "073ec68383a8f2243d5761897332f1a8397856e1"
  version = "1.0.0"

[[projects]]
  branch = "master"
  digest = "1:3729a6fb279a6fb959530c7a00cf17961a73979052b59b2798c90f21eb3fd3ba"
  name = "github.com/palantir/goastwriter"
  packages = [
    ".",
    "astgen",
    "comment",
    "decl",
    "expression",
    "spec",
    "statement",
  ]
  pruneopts = "UT"
  revision = "6bda8f5abd1b8cecd640fb8f859ef5e74a4c6c49"

[[projects]]
  digest = "1:1dd13ed1b846da2b396c6528eca41f8f6d1d4e81f7fcb6b10971db9313ef68e5"
  name = "github.com/palantir/godel"
  packages = ["pkg/products/v2/products"]
  pruneopts = "UT"
  revision = "dfd68b0f0a0e0946acb41133903374ae8e12bce6"
  version = "v2.12.0"

[[projects]]
  digest = "1:b238af6403b176ca910e0e2c06e90518a678d40bc40642a770e31b3cefe869f5"
  name = "github.com/palantir/godel-conjure-plugin"
  packages = [
    "ir-gen-cli-bundler/conjureircli",
    "ir-gen-cli-bundler/conjureircli/internal",
  ]
  pruneopts = "UT"
  revision = "e7309d29db4c1d294f9cb044f872e88a9ec009c3"
  version = "v4.0.0"

[[projects]]
  digest = "1:ee5657d56e2c8a9f4cb15a219262585d8ff33bc778cd9e845dd008a34962d6cd"
  name = "github.com/palantir/pkg"
  packages = [
    "bearertoken",
    "binary",
    "bytesbuffers",
    "cobracli",
    "datetime",
    "httpserver",
    "matcher",
    "metrics",
    "pkgpath",
    "retry",
    "rid",
    "safejson",
    "safelong",
    "safeyaml",
    "signals",
    "tlsconfig",
    "transform",
    "uuid",
    "uuid/internal/uuid",
  ]
  pruneopts = "UT"
  revision = "7fd8d6e85a713f1ec5376c81b97c7ed1033c9816"
  version = "0.10.0"

[[projects]]
  digest = "1:89b7c2365c6b481a9e1c83a203c817d117376f48330811a977d84ec198281c8b"
  name = "github.com/palantir/witchcraft-go-error"
  packages = [
    ".",
    "internal/errors",
  ]
  pruneopts = "UT"
  revision = "adb1d93c5741a300abbcce7883ad61f825a4f1a7"
  version = "1.0.0"

[[projects]]
  digest = "1:196e4840e3485d100e0edf8da4de0c1d25f85de1e286049e0f0027a536f11ba5"
  name = "github.com/palantir/witchcraft-go-logging"
  packages = [
    "conjure/witchcraft/api/logging",
    "internal/gopath",
    "wlog",
    "wlog-zap",
    "wlog-zap/internal",
    "wlog-zap/internal/marshalers",
    "wlog/auditlog/audit2log",
    "wlog/diaglog/diag1log",
    "wlog/evtlog/evt2log",
    "wlog/extractor",
    "wlog/internal",
    "wlog/metriclog/metric1log",
    "wlog/reqlog/req2log",
    "wlog/svclog/svc1log",
    "wlog/trclog/trc1log",
  ]
  pruneopts = "UT"
  revision = "5cfa99e2cec58e9e11dcf2ebd72a0855c31fa17e"
  version = "v1.2.1"

[[projects]]
  digest = "1:412711cba1f6195c9c8cc32ca04da9dfed10c07f2a21b1f5229e07c3f0a9fef0"
  name = "github.com/palantir/witchcraft-go-params"
  packages = ["."]
  pruneopts = "UT"
  revision = "d5c8ded2ab5588d1a81f306247162cb54d2504d7"
  version = "1.0.0"

[[projects]]
  digest = "1:55789c5fdd86eea8f967f62072db8d2e3ee04ae7b4de5729c90cac6296c380af"
  name = "github.com/palantir/witchcraft-go-server"
  packages = [
    "config",
    "conjure/witchcraft/api/health",
    "rest",
    "status",
    "status/routes",
    "witchcraft",
    "witchcraft/internal/middleware",
    "witchcraft/internal/negroni",
    "witchcraft/refreshable",
    "witchcraft/wresource",
    "wrouter",
    "wrouter/whttprouter",
  ]
  pruneopts = "UT"
  revision = "02fb84c0dbe6a1d2a00e411198d43cf933196f03"
  version = "v1.3.5"

[[projects]]
  digest = "1:d8535c90bfb7910c395b18ca2bc63b37c70af276d28713134ceb53c8620df5a0"
  name = "github.com/palantir/witchcraft-go-tracing"
  packages = [
    "wtracing",
    "wtracing/propagation/b3",
    "wzipkin",
  ]
  pruneopts = "UT"
  revision = "fa24fe4ff2f1bd0dc8a8b0e019e8a41928667572"
  version = "1.0.0"

[[projects]]
  digest = "1:e39a5ee8fcbec487f8fc68863ef95f2b025e0739b0e4aa55558a2b4cf8f0ecf0"
  name = "github.com/pierrec/lz4"
  packages = [
    ".",
    "internal/xxh32",
  ]
  pruneopts = "UT"
  revision = "635575b42742856941dbc767b44905bb9ba083f6"
  version = "v2.0.7"

[[projects]]
  digest = "1:40e195917a951a8bf867cd05de2a46aaf1806c50cf92eebf4c16f78cd196f747"
  name = "github.com/pkg/errors"
  packages = ["."]
  pruneopts = "UT"
  revision = "645ef00459ed84a119197bfb8d8205042c6df63d"
  version = "v0.8.0"

[[projects]]
  digest = "1:0028cb19b2e4c3112225cd871870f2d9cf49b9b4276531f03438a88e94be86fe"
  name = "github.com/pmezard/go-difflib"
  packages = ["difflib"]
  pruneopts = "UT"
  revision = "792786c7400a136282c1664665ae0a8db921c6c2"
  version = "v1.0.0"

[[projects]]
  branch = "master"
  digest = "1:c4556a44e350b50a490544d9b06e9fba9c286c21d6c0e47f54f3a9214597298c"
  name = "github.com/rcrowley/go-metrics"
  packages = ["."]
  pruneopts = "UT"
  revision = "e2704e165165ec55d062f5919b4b29494e9fa790"

[[projects]]
  digest = "1:274f67cb6fed9588ea2521ecdac05a6d62a8c51c074c1fccc6a49a40ba80e925"
  name = "github.com/satori/go.uuid"
  packages = ["."]
  pruneopts = "UT"
  revision = "f58768cc1a7a7e77a3bd49e98cdd21419399b6a3"
  version = "v1.2.0"

[[projects]]
  digest = "1:645cabccbb4fa8aab25a956cbcbdf6a6845ca736b2c64e197ca7cbb9d210b939"
  name = "github.com/spf13/cobra"
  packages = ["."]
  pruneopts = "UT"
  revision = "ef82de70bb3f60c65fb8eebacbb2d122ef517385"
  version = "v0.0.3"

[[projects]]
  digest = "1:dab83a1bbc7ad3d7a6ba1a1cc1760f25ac38cdf7d96a5cdd55cd915a4f5ceaf9"
  name = "github.com/spf13/pflag"
  packages = ["."]
  pruneopts = "UT"
  revision = "9a97c102cda95a86cec2345a6f09f55a939babf5"
  version = "v1.0.2"

[[projects]]
  digest = "1:38bd78a1b1c018fd71f17abcfe4b5fde0c0240b96c5b107ede13073081997de5"
  name = "github.com/stretchr/testify"
  packages = [
    "assert",
    "require",
  ]
  pruneopts = "UT"
  revision = "4d4bfba8f1d1027c4fdbe371823030df51419987"

[[projects]]
  digest = "1:db345c377984d0907323c09a9b17f11d995a59649fd38f909727df358b5f9020"
  name = "github.com/ulikunitz/xz"
  packages = [
    ".",
    "internal/hash",
    "internal/xlog",
    "lzma",
  ]
  pruneopts = "UT"
  revision = "590df8077fbcb06ad62d7714da06c00e5dd2316d"
  version = "v0.5.5"

[[projects]]
  digest = "1:3c1a69cdae3501bf75e76d0d86dc6f2b0a7421bc205c0cb7b96b19eed464a34d"
  name = "go.uber.org/atomic"
  packages = ["."]
  pruneopts = "UT"
  revision = "1ea20fb1cbb1cc08cbd0d913a96dead89aa18289"
  version = "v1.3.2"

[[projects]]
  digest = "1:60bf2a5e347af463c42ed31a493d817f8a72f102543060ed992754e689805d1a"
  name = "go.uber.org/multierr"
  packages = ["."]
  pruneopts = "UT"
  revision = "3c4937480c32f4c13a875a1829af76c98ca3d40a"
  version = "v1.1.0"

[[projects]]
  digest = "1:c52caf7bd44f92e54627a31b85baf06a68333a196b3d8d241480a774733dcf8b"
  name = "go.uber.org/zap"
  packages = [
    ".",
    "buffer",
    "internal/bufferpool",
    "internal/color",
    "internal/exit",
    "zapcore",
  ]
  pruneopts = "UT"
  revision = "ff33455a0e382e8a81d14dd7c922020b6b5e7982"
  version = "v1.9.1"

[[projects]]
  branch = "master"
  digest = "1:88a792a03a354a98ee468d774bc9a882e6d9d666b8f0069deb66d896ba83c163"
  name = "golang.org/x/net"
  packages = [
    "http/httpguts",
    "http2",
    "http2/hpack",
    "idna",
  ]
  pruneopts = "UT"
  revision = "4dfa2610cdf3b287375bbba5b8f2a14d3b01d8de"

[[projects]]
  branch = "master"
  digest = "1:71f29ade3ca8b29a03a0506acdaddb46060a1f36389ff62b7f873caaeb582b8f"
  name = "golang.org/x/sys"
  packages = ["unix"]
  pruneopts = "UT"
  revision = "b00e65af1da0681cde6c8227839a0ca53bbf16bb"

[[projects]]
  digest = "1:a2ab62866c75542dd18d2b069fec854577a20211d7c0ea6ae746072a1dccdd18"
  name = "golang.org/x/text"
  packages = [
    "collate",
    "collate/build",
    "internal/colltab",
    "internal/gen",
    "internal/tag",
    "internal/triegen",
    "internal/ucd",
    "language",
    "secure/bidirule",
    "transform",
    "unicode/bidi",
    "unicode/cldr",
    "unicode/norm",
    "unicode/rangetable",
  ]
  pruneopts = "UT"
  revision = "f21a4dfb5e38f5895301dc265a8def02365cc3d0"
  version = "v0.3.0"

[[projects]]
  branch = "master"
  digest = "1:d588bba506a515d2c7743ba6f98062168c3698b2a8cefe5a99e15d9ee8885e40"
  name = "golang.org/x/tools"
  packages = [
    "go/ast/astutil",
    "go/gcexportdata",
    "go/internal/cgo",
    "go/internal/gcimporter",
    "go/internal/packagesdriver",
    "go/packages",
    "go/types/typeutil",
    "internal/fastwalk",
    "internal/gopathwalk",
    "internal/semver",
  ]
  pruneopts = "UT"
  revision = "54d1bacb4e83cdcbb081a7ea09a69092f72bd2e6"

[[projects]]
  digest = "1:abeb38ade3f32a92943e5be54f55ed6d6e3b6602761d74b4aab4c9dd45c18abd"
  name = "gopkg.in/fsnotify.v1"
  packages = ["."]
  pruneopts = "UT"
  revision = "c2828203cd70a50dcccfb2761f8b1f8ceef9a8e9"
  source = "https://github.com/fsnotify/fsnotify.git"
  version = "v1.4.7"

[[projects]]
  digest = "1:c805e517269b0ba4c21ded5836019ed7d16953d4026cb7d00041d039c7906be9"
  name = "gopkg.in/natefinch/lumberjack.v2"
  packages = ["."]
  pruneopts = "UT"
  revision = "a96e63847dc3c67d17befa69c303767e2f84e54f"
  version = "v2.1"

[[projects]]
  digest = "1:a795b576298faaa0453e4e3ab67420c70e524f9e365ed8fd30fd504eca807aff"
  name = "gopkg.in/yaml.v2"
  packages = ["."]
  pruneopts = "UT"
  revision = "a3f3340b5840cee44f372bddb5880fcbc419b46a"

[solve-meta]
  analyzer-name = "dep"
  analyzer-version = 1
  input-imports = [
    "github.com/danverbraganza/varcaser/varcaser",
    "github.com/julienschmidt/httprouter",
    "github.com/nmiyake/pkg/dirs",
    "github.com/palantir/checks/ptimports/ptimports",
    "github.com/palantir/conjure-go-runtime/conjure-go-client/httpclient",
    "github.com/palantir/conjure-go-runtime/conjure-go-contract/codecs",
    "github.com/palantir/conjure-go-runtime/conjure-go-contract/errors",
    "github.com/palantir/goastwriter",
    "github.com/palantir/goastwriter/astgen",
    "github.com/palantir/goastwriter/decl",
    "github.com/palantir/goastwriter/expression",
    "github.com/palantir/goastwriter/spec",
    "github.com/palantir/goastwriter/statement",
    "github.com/palantir/godel-conjure-plugin/ir-gen-cli-bundler/conjureircli",
    "github.com/palantir/godel/pkg/products/v2/products",
    "github.com/palantir/pkg/bearertoken",
    "github.com/palantir/pkg/binary",
    "github.com/palantir/pkg/cobracli",
    "github.com/palantir/pkg/datetime",
    "github.com/palantir/pkg/httpserver",
    "github.com/palantir/pkg/rid",
    "github.com/palantir/pkg/safejson",
    "github.com/palantir/pkg/safelong",
    "github.com/palantir/pkg/safeyaml",
    "github.com/palantir/pkg/uuid",
    "github.com/palantir/witchcraft-go-error",
    "github.com/palantir/witchcraft-go-logging/wlog",
    "github.com/palantir/witchcraft-go-logging/wlog-zap",
    "github.com/palantir/witchcraft-go-logging/wlog/svclog/svc1log",
    "github.com/palantir/witchcraft-go-server/config",
    "github.com/palantir/witchcraft-go-server/rest",
    "github.com/palantir/witchcraft-go-server/witchcraft",
    "github.com/palantir/witchcraft-go-server/witchcraft/wresource",
    "github.com/palantir/witchcraft-go-server/wrouter",
    "github.com/pkg/errors",
    "github.com/spf13/cobra",
    "github.com/stretchr/testify/assert",
    "github.com/stretchr/testify/require",
    "golang.org/x/tools/go/packages",
    "gopkg.in/yaml.v2",
  ]
  solver-name = "gps-cdcl"
  solver-version = 1
