github.com/davecgh/go-spew v1.1.1 h1:vj9j/u1bqnvCEfJOwUhtlOARqs3+rkHYY13jYWTU97c=
github.com/davecgh/go-spew v1.1.1/go.mod h1:J7Y8YcW2NihsgmVo/mv3lAwl/skON4iLHjSsI+c5H38=
github.com/go-json-experiment/json v0.0.0-20250417205406-170dfdcf87d1 h1:+VexzzkMLb1tnvpuQdGT/DicIRW7MN8ozsXqBMgp0Hk=
github.com/go-json-experiment/json v0.0.0-20250417205406-170dfdcf87d1/go.mod h1:TiCD2a1pcmjd7YnhGH0f/zKNcCD06B029pHhzV23c2M=
github.com/palantir/pkg v1.1.0 h1:0EhrSUP8oeeh3MUvk7V/UU7WmsN1UiJNTvNj0sN9Cpo=
github.com/palantir/pkg v1.1.0/go.mod h1:KC9srP/9ssWRxBxFCIqhUGC4Jt7OJkWRz0Iqehup1/c=
github.com/palantir/pkg/binary v1.1.0 h1:YjL54FmchZpTcjuZ2pniDC6ezdmVVBrTe/OMVxImoP8=
github.com/palantir/pkg/binary v1.1.0/go.mod h1:jcJDbk+LQpm09UEqZt3ZIkbzP+c9rPCmQVPpmiOASCI=
github.com/palantir/pkg/datetime v1.1.0 h1:P4ZPuQI5rM8pHJ/0g3Bgx3MQkX1zzVqrbxfyrZ88xx4=
github.com/palantir/pkg/datetime v1.1.0/go.mod h1:pGoM4yYRQpvyFbbEFly5tL1cpBpfU++lM/m0EPrJ52M=
github.com/palantir/pkg/rid v1.1.0 h1:U6p5HhNT6E3T2MvPnvxnW0pU7v3IfabVBdO010uQMGE=
github.com/palantir/pkg/rid v1.1.0/go.mod h1:WDcAL/1o6V6yaa66QVWM2P3QHwUgft/MeStssFcVMR8=
github.com/palantir/pkg/safeyaml v1.1.0 h1:5Pt3cGNw5QyOPYwfLsPImh+SiNIilSw3Cn4t3m7tZuo=
github.com/palantir/pkg/safeyaml v1.1.0/go.mod h1:RG0a/ze5V6uppZJvwV2e3RmyjKMxdPpwIyS5OHp3DPU=
github.com/palantir/pkg/transform v1.1.0 h1:43tnYETShELXCRro6+uc0GlgB4GZvsQ/YNH5301IxW8=
github.com/palantir/pkg/transform v1.1.0/go.mod h1:SHqpFkx1vKQ8Bb81VsmySYTsSHSBtgj06cZm9HihuGk=
github.com/palantir/pkg/uuid v1.2.0 h1:eb7A1clc0DzchT9G0DRXi9QEkz/IYGDzLVFqZoIfrl0=
github.com/palantir/pkg/uuid v1.2.0/go.mod h1:qGnKfswuHME/RjYVkj+SfcjvJ7C3gKZM4JEUordLhA4=
github.com/palantir/witchcraft-go-error v1.41.0 h1:Muy2Nr/CezeFvYN54KduFHm4aFglNInvHXbYSPDNB9s=
github.com/palantir/witchcraft-go-error v1.41.0/go.mod h1:ZG6e65+LcRVZMMf9tvwtRTqarNCNaPbzB6Bo+k8We5A=
github.com/palantir/witchcraft-go-params v1.38.0 h1:PPyVF+GARkFjk6ID+8PuEQjkYtv+wuyG57uersVxvD4=
github.com/palantir/witchcraft-go-params v1.38.0/go.mod h1:gZinqdF9iMUIHgQMVGtVpQ9GIZuvG9s48oT/+nUm6vg=
github.com/pmezard/go-difflib v1.0.0 h1:4DBwDE0NGyQoBHbLQYPwSUPoCMWR5BEzIk/f1lZbAQM=
github.com/pmezard/go-difflib v1.0.0/go.mod h1:iKH77koFhYxTK1pcRnkKkqfTogsbg7gZNVY4sRDYZ/4=
github.com/stretchr/testify v1.10.0 h1:Xv5erBjTwe/5IxqUQTdXv5kgmIvbHo3QQyRwhJsOfJA=
github.com/stretchr/testify v1.10.0/go.mod h1:r2ic/lqez/lEtzL7wO/rwa5dbSLXVDPFyf8C91i36aY=
gopkg.in/check.v1 v0.0.0-20161208181325-20d25e280405 h1:yhCVgyC4o1eVCa2tZl7eS0r+SDo693bJlVdllGtEeKM=
gopkg.in/check.v1 v0.0.0-20161208181325-20d25e280405/go.mod h1:Co6ibVJAznAaIkqp8huTwlJQCZ016jof/cbN4VW5Yz0=
gopkg.in/yaml.v2 v2.4.0 h1:D8xgwECY7CYvx+Y2n4sBz93Jn9JRvxdiyyo8CTfuKaY=
gopkg.in/yaml.v2 v2.4.0/go.mod h1:RDklbk79AGWmwhnvt/jBztapEOGDOx6ZbXqjP6csGnQ=
gopkg.in/yaml.v3 v3.0.1 h1:fxVm/GzAzEWqLHuvctI91KS9hhNmmWOoWu0XTYJS7CA=
gopkg.in/yaml.v3 v3.0.1/go.mod h1:K4uyk7z7BCEPqu6E+C64Yfv1cQ7kz7rIZviUmN+EgEM=
